
Microsoft Visual Studio Solution File, Format Version 12.00
# Visual Studio Version 17
VisualStudioVersion = 17.2.32616.157
MinimumVisualStudioVersion = 10.0.40219.1
Project("{9A19103F-16F7-4668-BE54-9A1E7A4F7556}") = "Impedio", "Impedio\Impedio.csproj", "{0890155B-AAA0-47E3-8656-AB16C8FDF909}"
EndProject
Project("{FAE04EC0-301F-11D3-BF4B-00C04F79EFBC}") = "Simulator", "Simulator\Simulator.csproj", "{245F6AEA-7CD7-4021-BE9E-C490FC7EECB0}"
EndProject
Global
	GlobalSection(SolutionConfigurationPlatforms) = preSolution
		Debug|Any CPU = Debug|Any CPU
		Release|Any CPU = Release|Any CPU
	EndGlobalSection
	GlobalSection(ProjectConfigurationPlatforms) = postSolution
		{0890155B-AAA0-47E3-8656-AB16C8FDF909}.Debug|Any CPU.ActiveCfg = Debug|Any CPU
		{0890155B-AAA0-47E3-8656-AB16C8FDF909}.Debug|Any CPU.Build.0 = Debug|Any CPU
		{0890155B-AAA0-47E3-8656-AB16C8FDF909}.Release|Any CPU.ActiveCfg = Release|Any CPU
		{0890155B-AAA0-47E3-8656-AB16C8FDF909}.Release|Any CPU.Build.0 = Release|Any CPU
		{245F6AEA-7CD7-4021-BE9E-C490FC7EECB0}.Debug|Any CPU.ActiveCfg = Debug|Any CPU
		{245F6AEA-7CD7-4021-BE9E-C490FC7EECB0}.Debug|Any CPU.Build.0 = Debug|Any CPU
		{245F6AEA-7CD7-4021-BE9E-C490FC7EECB0}.Release|Any CPU.ActiveCfg = Release|Any CPU
		{245F6AEA-7CD7-4021-BE9E-C490FC7EECB0}.Release|Any CPU.Build.0 = Release|Any CPU
	EndGlobalSection
	GlobalSection(SolutionProperties) = preSolution
		HideSolutionNode = FALSE
	EndGlobalSection
	GlobalSection(ExtensibilityGlobals) = postSolution
		SolutionGuid = {A142A701-F072-4AF0-9100-7CB309DA5198}
	EndGlobalSection
EndGlobal
